{
  "name": "PortFolio",
  "lockfileVersion": 3,
  "requires": true,
  "packages": {
    "": {
      "dependencies": {
        "@boxicons/react": "^1.0.3"
      }
    },
    "node_modules/@boxicons/react": {
      "version": "1.0.3",
      "resolved": "https://registry.npmjs.org/@boxicons/react/-/react-1.0.3.tgz",
      "integrity": "sha512-NASJNbk4X6Xi24CIa/Anx7KhMH1KPiBuaq0RJq3HJiFg65Ct9mhIB6j/a/Ciz/ZOTGaGzisWYmbU4jdKKK/YYA==",
      "license": "MIT",
      "peerDependencies": {
        "react": ">=16.8.0"
      }
    },
    "node_modules/react": {
      "version": "19.2.4",
      "license": "MIT",
      "peer": true,
      "engines": {
        "node": ">=0.10.0"
      }
    }
  }
}
